// !$*UTF8*$!
{
	archiveVersion = 1;
	classes = {
	};
	objectVersion = 56;
	objects = {

/* Begin PBXBuildFile section */
		2DE3FCEB28E59A9200E7A838 /* AppDelegate.swift in Sources */ = {isa = PBXBuildFile; fileRef = 2DE3FCEA28E59A9200E7A838 /* AppDelegate.swift */; };
		2DE3FCED28E59A9200E7A838 /* SceneDelegate.swift in Sources */ = {isa = PBXBuildFile; fileRef = 2DE3FCEC28E59A9200E7A838 /* SceneDelegate.swift */; };
		2DE3FCEF28E59A9200E7A838 /* MainViewController.swift in Sources */ = {isa = PBXBuildFile; fileRef = 2DE3FCEE28E59A9200E7A838 /* MainViewController.swift */; };
		2DE3FCF428E59A9200E7A838 /* Assets.xcassets in Resources */ = {isa = PBXBuildFile; fileRef = 2DE3FCF328E59A9200E7A838 /* Assets.xcassets */; };
		2DE3FCF728E59A9200E7A838 /* LaunchScreen.storyboard in Resources */ = {isa = PBXBuildFile; fileRef = 2DE3FCF528E59A9200E7A838 /* LaunchScreen.storyboard */; };
		2DE3FCFF28E5A03200E7A838 /* SelfSizedCollectionViewCell.swift in Sources */ = {isa = PBXBuildFile; fileRef = 2DE3FCFE28E5A03200E7A838 /* SelfSizedCollectionViewCell.swift */; };
		2DE3FD0228E5A0C800E7A838 /* SnapKit in Frameworks */ = {isa = PBXBuildFile; productRef = 2DE3FD0128E5A0C800E7A838 /* SnapKit */; };
		2DE3FD0428E5A11000E7A838 /* UICollectionView+Extension.swift in Sources */ = {isa = PBXBuildFile; fileRef = 2DE3FD0328E5A11000E7A838 /* UICollectionView+Extension.swift */; };
		2DE3FD0728E5A15000E7A838 /* ReusableExtension.swift in Sources */ = {isa = PBXBuildFile; fileRef = 2DE3FD0628E5A15000E7A838 /* ReusableExtension.swift */; };
		2DE3FD0A28E5A20200E7A838 /* ImageWithTitleViewController.swift in Sources */ = {isa = PBXBuildFile; fileRef = 2DE3FD0928E5A20200E7A838 /* ImageWithTitleViewController.swift */; };
/* End PBXBuildFile section */

/* Begin PBXFileReference section */
		2DE3FCE728E59A9200E7A838 /* selfSizedCollectionViewCells.app */ = {isa = PBXFileReference; explicitFileType = wrapper.application; includeInIndex = 0; path = selfSizedCollectionViewCells.app; sourceTree = BUILT_PRODUCTS_DIR; };
		2DE3FCEA28E59A9200E7A838 /* AppDelegate.swift */ = {isa = PBXFileReference; lastKnownFileType = sourcecode.swift; path = AppDelegate.swift; sourceTree = "<group>"; };
		2DE3FCEC28E59A9200E7A838 /* SceneDelegate.swift */ = {isa = PBXFileReference; lastKnownFileType = sourcecode.swift; path = SceneDelegate.swift; sourceTree = "<group>"; };
		2DE3FCEE28E59A9200E7A838 /* MainViewController.swift */ = {isa = PBXFileReference; lastKnownFileType = sourcecode.swift; path = MainViewController.swift; sourceTree = "<group>"; };
		2DE3FCF328E59A9200E7A838 /* Assets.xcassets */ = {isa = PBXFileReference; lastKnownFileType = folder.assetcatalog; path = Assets.xcassets; sourceTree = "<group>"; };
		2DE3FCF628E59A9200E7A838 /* Base */ = {isa = PBXFileReference; lastKnownFileType = file.storyboard; name = Base; path = Base.lproj/LaunchScreen.storyboard; sourceTree = "<group>"; };
		2DE3FCF828E59A9200E7A838 /* Info.plist */ = {isa = PBXFileReference; lastKnownFileType = text.plist.xml; path = Info.plist; sourceTree = "<group>"; };
		2DE3FCFE28E5A03200E7A838 /* SelfSizedCollectionViewCell.swift */ = {isa = PBXFileReference; lastKnownFileType = sourcecode.swift; path = SelfSizedCollectionViewCell.swift; sourceTree = "<group>"; };
		2DE3FD0328E5A11000E7A838 /* UICollectionView+Extension.swift */ = {isa = PBXFileReference; lastKnownFileType = sourcecode.swift; path = "UICollectionView+Extension.swift"; sourceTree = "<group>"; };
		2DE3FD0628E5A15000E7A838 /* ReusableExtension.swift */ = {isa = PBXFileReference; lastKnownFileType = sourcecode.swift; path = ReusableExtension.swift; sourceTree = "<group>"; };
		2DE3FD0928E5A20200E7A838 /* ImageWithTitleViewController.swift */ = {isa = PBXFileReference; lastKnownFileType = sourcecode.swift; path = ImageWithTitleViewController.swift; sourceTree = "<group>"; };
/* End PBXFileReference section */

/* Begin PBXFrameworksBuildPhase section */
		2DE3FCE428E59A9200E7A838 /* Frameworks */ = {
			isa = PBXFrameworksBuildPhase;
			buildActionMask = 2147483647;
			files = (
				2DE3FD0228E5A0C800E7A838 /* SnapKit in Frameworks */,
			);
			runOnlyForDeploymentPostprocessing = 0;
		};
/* End PBXFrameworksBuildPhase section */

/* Begin PBXGroup section */
		2DE3FCDE28E59A9100E7A838 = {
			isa = PBXGroup;
			children = (
				2DE3FCE928E59A9200E7A838 /* selfSizedCollectionViewCells */,
				2DE3FCE828E59A9200E7A838 /* Products */,
			);
			sourceTree = "<group>";
		};
		2DE3FCE828E59A9200E7A838 /* Products */ = {
			isa = PBXGroup;
			children = (
				2DE3FCE728E59A9200E7A838 /* selfSizedCollectionViewCells.app */,
			);
			name = Products;
			sourceTree = "<group>";
		};
		2DE3FCE928E59A9200E7A838 /* selfSizedCollectionViewCells */ = {
			isa = PBXGroup;
			children = (
				2DE3FD0528E5A11900E7A838 /* Extensions */,
				2DE3FD0828E5A1BB00E7A838 /* Main */,
				2DE3FD0B28E5A20600E7A838 /* ImageWithTitle */,
				2DE3FCEA28E59A9200E7A838 /* AppDelegate.swift */,
				2DE3FCEC28E59A9200E7A838 /* SceneDelegate.swift */,
				2DE3FCF328E59A9200E7A838 /* Assets.xcassets */,
				2DE3FCF528E59A9200E7A838 /* LaunchScreen.storyboard */,
				2DE3FCF828E59A9200E7A838 /* Info.plist */,
			);
			path = selfSizedCollectionViewCells;
			sourceTree = "<group>";
		};
		2DE3FD0528E5A11900E7A838 /* Extensions */ = {
			isa = PBXGroup;
			children = (
				2DE3FD0328E5A11000E7A838 /* UICollectionView+Extension.swift */,
				2DE3FD0628E5A15000E7A838 /* ReusableExtension.swift */,
			);
			path = Extensions;
			sourceTree = "<group>";
		};
		2DE3FD0828E5A1BB00E7A838 /* Main */ = {
			isa = PBXGroup;
			children = (
				2DE3FCFE28E5A03200E7A838 /* SelfSizedCollectionViewCell.swift */,
				2DE3FCEE28E59A9200E7A838 /* MainViewController.swift */,
			);
			path = Main;
			sourceTree = "<group>";
		};
		2DE3FD0B28E5A20600E7A838 /* ImageWithTitle */ = {
			isa = PBXGroup;
			children = (
				2DE3FD0928E5A20200E7A838 /* ImageWithTitleViewController.swift */,
			);
			path = ImageWithTitle;
			sourceTree = "<group>";
		};
/* End PBXGroup section */

/* Begin PBXNativeTarget section */
		2DE3FCE628E59A9200E7A838 /* selfSizedCollectionViewCells */ = {
			isa = PBXNativeTarget;
			buildConfigurationList = 2DE3FCFB28E59A9200E7A838 /* Build configuration list for PBXNativeTarget "selfSizedCollectionViewCells" */;
			buildPhases = (
				2DE3FCE328E59A9200E7A838 /* Sources */,
				2DE3FCE428E59A9200E7A838 /* Frameworks */,
				2DE3FCE528E59A9200E7A838 /* Resources */,
			);
			buildRules = (
			);
			dependencies = (
			);
			name = selfSizedCollectionViewCells;
			packageProductDependencies = (
				2DE3FD0128E5A0C800E7A838 /* SnapKit */,
			);
			productName = selfSizedCollectionViewCells;
			productReference = 2DE3FCE728E59A9200E7A838 /* selfSizedCollectionViewCells.app */;
			productType = "com.apple.product-type.application";
		};
/* End PBXNativeTarget section */

/* Begin PBXProject section */
		2DE3FCDF28E59A9100E7A838 /* Project object */ = {
			isa = PBXProject;
			attributes = {
				BuildIndependentTargetsInParallel = 1;
				LastSwiftUpdateCheck = 1400;
				LastUpgradeCheck = 1400;
				TargetAttributes = {
					2DE3FCE628E59A9200E7A838 = {
						CreatedOnToolsVersion = 14.0;
					};
				};
			};
			buildConfigurationList = 2DE3FCE228E59A9100E7A838 /* Build configuration list for PBXProject "selfSizedCollectionViewCells" */;
			compatibilityVersion = "Xcode 14.0";
			developmentRegion = en;
			hasScannedForEncodings = 0;
			knownRegions = (
				en,
				Base,
			);
			mainGroup = 2DE3FCDE28E59A9100E7A838;
			packageReferences = (
				2DE3FD0028E5A0C800E7A838 /* XCRemoteSwiftPackageReference "SnapKit" */,
			);
			productRefGroup = 2DE3FCE828E59A9200E7A838 /* Products */;
			projectDirPath = "";
			projectRoot = "";
			targets = (
				2DE3FCE628E59A9200E7A838 /* selfSizedCollectionViewCells */,
			);
		};
/* End PBXProject section */

/* Begin PBXResourcesBuildPhase section */
		2DE3FCE528E59A9200E7A838 /* Resources */ = {
			isa = PBXResourcesBuildPhase;
			buildActionMask = 2147483647;
			files = (
				2DE3FCF728E59A9200E7A838 /* LaunchScreen.storyboard in Resources */,
				2DE3FCF428E59A9200E7A838 /* Assets.xcassets in Resources */,
			);
			runOnlyForDeploymentPostprocessing = 0;
		};
/* End PBXResourcesBuildPhase section */

/* Begin PBXSourcesBuildPhase section */
		2DE3FCE328E59A9200E7A838 /* Sources */ = {
			isa = PBXSourcesBuildPhase;
			buildActionMask = 2147483647;
			files = (
				2DE3FCFF28E5A03200E7A838 /* SelfSizedCollectionViewCell.swift in Sources */,
				2DE3FD0A28E5A20200E7A838 /* ImageWithTitleViewController.swift in Sources */,
				2DE3FD0428E5A11000E7A838 /* UICollectionView+Extension.swift in Sources */,
				2DE3FCEF28E59A9200E7A838 /* MainViewController.swift in Sources */,
				2DE3FCEB28E59A9200E7A838 /* AppDelegate.swift in Sources */,
				2DE3FD0728E5A15000E7A838 /* ReusableExtension.swift in Sources */,
				2DE3FCED28E59A9200E7A838 /* SceneDelegate.swift in Sources */,
			);
			runOnlyForDeploymentPostprocessing = 0;
		};
/* End PBXSourcesBuildPhase section */

/* Begin PBXVariantGroup section */
		2DE3FCF528E59A9200E7A838 /* LaunchScreen.storyboard */ = {
			isa = PBXVariantGroup;
			children = (
				2DE3FCF628E59A9200E7A838 /* Base */,
			);
			name = LaunchScreen.storyboard;
			sourceTree = "<group>";
		};
/* End PBXVariantGroup section */

/* Begin XCBuildConfiguration section */
		2DE3FCF928E59A9200E7A838 /* Debug */ = {
			isa = XCBuildConfiguration;
			buildSettings = {
				ALWAYS_SEARCH_USER_PATHS = NO;
				CLANG_ANALYZER_NONNULL = YES;
				CLANG_ANALYZER_NUMBER_OBJECT_CONVERSION = YES_AGGRESSIVE;
				CLANG_CXX_LANGUAGE_STANDARD = "gnu++20";
				CLANG_ENABLE_MODULES = YES;
				CLANG_ENABLE_OBJC_ARC = YES;
				CLANG_ENABLE_OBJC_WEAK = YES;
				CLANG_WARN_BLOCK_CAPTURE_AUTORELEASING = YES;
				CLANG_WARN_BOOL_CONVERSION = YES;
				CLANG_WARN_COMMA = YES;
				CLANG_WARN_CONSTANT_CONVERSION = YES;
				CLANG_WARN_DEPRECATED_OBJC_IMPLEMENTATIONS = YES;
				CLANG_WARN_DIRECT_OBJC_ISA_USAGE = YES_ERROR;
				CLANG_WARN_DOCUMENTATION_COMMENTS = YES;
				CLANG_WARN_EMPTY_BODY = YES;
				CLANG_WARN_ENUM_CONVERSION = YES;
				CLANG_WARN_INFINITE_RECURSION = YES;
				CLANG_WARN_INT_CONVERSION = YES;
				CLANG_WARN_NON_LITERAL_NULL_CONVERSION = YES;
				CLANG_WARN_OBJC_IMPLICIT_RETAIN_SELF = YES;
				CLANG_WARN_OBJC_LITERAL_CONVERSION = YES;
				CLANG_WARN_OBJC_ROOT_CLASS = YES_ERROR;
				CLANG_WARN_QUOTED_INCLUDE_IN_FRAMEWORK_HEADER = YES;
				CLANG_WARN_RANGE_LOOP_ANALYSIS = YES;
				CLANG_WARN_STRICT_PROTOTYPES = YES;
				CLANG_WARN_SUSPICIOUS_MOVE = YES;
				CLANG_WARN_UNGUARDED_AVAILABILITY = YES_AGGRESSIVE;
				CLANG_WARN_UNREACHABLE_CODE = YES;
				CLANG_WARN__DUPLICATE_METHOD_MATCH = YES;
				COPY_PHASE_STRIP = NO;
				DEBUG_INFORMATION_FORMAT = dwarf;
				ENABLE_STRICT_OBJC_MSGSEND = YES;
				ENABLE_TESTABILITY = YES;
				GCC_C_LANGUAGE_STANDARD = gnu11;
				GCC_DYNAMIC_NO_PIC = NO;
				GCC_NO_COMMON_BLOCKS = YES;
				GCC_OPTIMIZATION_LEVEL = 0;
				GCC_PREPROCESSOR_DEFINITIONS = (
					"DEBUG=1",
					"$(inherited)",
				);
				GCC_WARN_64_TO_32_BIT_CONVERSION = YES;
				GCC_WARN_ABOUT_RETURN_TYPE = YES_ERROR;
				GCC_WARN_UNDECLARED_SELECTOR = YES;
				GCC_WARN_UNINITIALIZED_AUTOS = YES_AGGRESSIVE;
				GCC_WARN_UNUSED_FUNCTION = YES;
				GCC_WARN_UNUSED_VARIABLE = YES;
				IPHONEOS_DEPLOYMENT_TARGET = 16.0;
				MTL_ENABLE_DEBUG_INFO = INCLUDE_SOURCE;
				MTL_FAST_MATH = YES;
				ONLY_ACTIVE_ARCH = YES;
				SDKROOT = iphoneos;
				SWIFT_ACTIVE_COMPILATION_CONDITIONS = DEBUG;
				SWIFT_OPTIMIZATION_LEVEL = "-Onone";
			};
			name = Debug;
		};
		2DE3FCFA28E59A9200E7A838 /* Release */ = {
			isa = XCBuildConfiguration;
			buildSettings = {
				ALWAYS_SEARCH_USER_PATHS = NO;
				CLANG_ANALYZER_NONNULL = YES;
				CLANG_ANALYZER_NUMBER_OBJECT_CONVERSION = YES_AGGRESSIVE;
				CLANG_CXX_LANGUAGE_STANDARD = "gnu++20";
				CLANG_ENABLE_MODULES = YES;
				CLANG_ENABLE_OBJC_ARC = YES;
				CLANG_ENABLE_OBJC_WEAK = YES;
				CLANG_WARN_BLOCK_CAPTURE_AUTORELEASING = YES;
				CLANG_WARN_BOOL_CONVERSION = YES;
				CLANG_WARN_COMMA = YES;
				CLANG_WARN_CONSTANT_CONVERSION = YES;
				CLANG_WARN_DEPRECATED_OBJC_IMPLEMENTATIONS = YES;
				CLANG_WARN_DIRECT_OBJC_ISA_USAGE = YES_ERROR;
				CLANG_WARN_DOCUMENTATION_COMMENTS = YES;
				CLANG_WARN_EMPTY_BODY = YES;
				CLANG_WARN_ENUM_CONVERSION = YES;
				CLANG_WARN_INFINITE_RECURSION = YES;
				CLANG_WARN_INT_CONVERSION = YES;
				CLANG_WARN_NON_LITERAL_NULL_CONVERSION = YES;
				CLANG_WARN_OBJC_IMPLICIT_RETAIN_SELF = YES;
				CLANG_WARN_OBJC_LITERAL_CONVERSION = YES;
				CLANG_WARN_OBJC_ROOT_CLASS = YES_ERROR;
				CLANG_WARN_QUOTED_INCLUDE_IN_FRAMEWORK_HEADER = YES;
				CLANG_WARN_RANGE_LOOP_ANALYSIS = YES;
				CLANG_WARN_STRICT_PROTOTYPES = YES;
				CLANG_WARN_SUSPICIOUS_MOVE = YES;
				CLANG_WARN_UNGUARDED_AVAILABILITY = YES_AGGRESSIVE;
				CLANG_WARN_UNREACHABLE_CODE = YES;
				CLANG_WARN__DUPLICATE_METHOD_MATCH = YES;
				COPY_PHASE_STRIP = NO;
				DEBUG_INFORMATION_FORMAT = "dwarf-with-dsym";
				ENABLE_NS_ASSERTIONS = NO;
				ENABLE_STRICT_OBJC_MSGSEND = YES;
				GCC_C_LANGUAGE_STANDARD = gnu11;
				GCC_NO_COMMON_BLOCKS = YES;
				GCC_WARN_64_TO_32_BIT_CONVERSION = YES;
				GCC_WARN_ABOUT_RETURN_TYPE = YES_ERROR;
				GCC_WARN_UNDECLARED_SELECTOR = YES;
				GCC_WARN_UNINITIALIZED_AUTOS = YES_AGGRESSIVE;
				GCC_WARN_UNUSED_FUNCTION = YES;
				GCC_WARN_UNUSED_VARIABLE = YES;
				IPHONEOS_DEPLOYMENT_TARGET = 16.0;
				MTL_ENABLE_DEBUG_INFO = NO;
				MTL_FAST_MATH = YES;
				SDKROOT = iphoneos;
				SWIFT_COMPILATION_MODE = wholemodule;
				SWIFT_OPTIMIZATION_LEVEL = "-O";
				VALIDATE_PRODUCT = YES;
			};
			name = Release;
		};
		2DE3FCFC28E59A9200E7A838 /* Debug */ = {
			isa = XCBuildConfiguration;
			buildSettings = {
				ASSETCATALOG_COMPILER_APPICON_NAME = AppIcon;
				ASSETCATALOG_COMPILER_GLOBAL_ACCENT_COLOR_NAME = AccentColor;
				CODE_SIGN_STYLE = Automatic;
				CURRENT_PROJECT_VERSION = 1;
				GENERATE_INFOPLIST_FILE = YES;
				INFOPLIST_FILE = selfSizedCollectionViewCells/Info.plist;
				INFOPLIST_KEY_UIApplicationSupportsIndirectInputEvents = YES;
				INFOPLIST_KEY_UILaunchStoryboardName = LaunchScreen;
				INFOPLIST_KEY_UISupportedInterfaceOrientations_iPad = "UIInterfaceOrientationPortrait UIInterfaceOrientationPortraitUpsideDown UIInterfaceOrientationLandscapeLeft UIInterfaceOrientationLandscapeRight";
				INFOPLIST_KEY_UISupportedInterfaceOrientations_iPhone = "UIInterfaceOrientationPortrait UIInterfaceOrientationLandscapeLeft UIInterfaceOrientationLandscapeRight";
				LD_RUNPATH_SEARCH_PATHS = (
					"$(inherited)",
					"@executable_path/Frameworks",
				);
				MARKETING_VERSION = 1.0;
				PRODUCT_BUNDLE_IDENTIFIER = sshabelnik.selfSizedCollectionViewCells;
				PRODUCT_NAME = "$(TARGET_NAME)";
				SWIFT_EMIT_LOC_STRINGS = YES;
				SWIFT_VERSION = 5.0;
				TARGETED_DEVICE_FAMILY = "1,2";
			};
			name = Debug;
		};
		2DE3FCFD28E59A9200E7A838 /* Release */ = {
			isa = XCBuildConfiguration;
			buildSettings = {
				ASSETCATALOG_COMPILER_APPICON_NAME = AppIcon;
				ASSETCATALOG_COMPILER_GLOBAL_ACCENT_COLOR_NAME = AccentColor;
				CODE_SIGN_STYLE = Automatic;
				CURRENT_PROJECT_VERSION = 1;
				GENERATE_INFOPLIST_FILE = YES;
				INFOPLIST_FILE = selfSizedCollectionViewCells/Info.plist;
				INFOPLIST_KEY_UIApplicationSupportsIndirectInputEvents = YES;
				INFOPLIST_KEY_UILaunchStoryboardName = LaunchScreen;
				INFOPLIST_KEY_UISupportedInterfaceOrientations_iPad = "UIInterfaceOrientationPortrait UIInterfaceOrientationPortraitUpsideDown UIInterfaceOrientationLandscapeLeft UIInterfaceOrientationLandscapeRight";
				INFOPLIST_KEY_UISupportedInterfaceOrientations_iPhone = "UIInterfaceOrientationPortrait UIInterfaceOrientationLandscapeLeft UIInterfaceOrientationLandscapeRight";
				LD_RUNPATH_SEARCH_PATHS = (
					"$(inherited)",
					"@executable_path/Frameworks",
				);
				MARKETING_VERSION = 1.0;
				PRODUCT_BUNDLE_IDENTIFIER = sshabelnik.selfSizedCollectionViewCells;
				PRODUCT_NAME = "$(TARGET_NAME)";
				SWIFT_EMIT_LOC_STRINGS = YES;
				SWIFT_VERSION = 5.0;
				TARGETED_DEVICE_FAMILY = "1,2";
			};
			name = Release;
		};
/* End XCBuildConfiguration section */

/* Begin XCConfigurationList section */
		2DE3FCE228E59A9100E7A838 /* Build configuration list for PBXProject "selfSizedCollectionViewCells" */ = {
			isa = XCConfigurationList;
			buildConfigurations = (
				2DE3FCF928E59A9200E7A838 /* Debug */,
				2DE3FCFA28E59A9200E7A838 /* Release */,
			);
			defaultConfigurationIsVisible = 0;
			defaultConfigurationName = Release;
		};
		2DE3FCFB28E59A9200E7A838 /* Build configuration list for PBXNativeTarget "selfSizedCollectionViewCells" */ = {
			isa = XCConfigurationList;
			buildConfigurations = (
				2DE3FCFC28E59A9200E7A838 /* Debug */,
				2DE3FCFD28E59A9200E7A838 /* Release */,
			);
			defaultConfigurationIsVisible = 0;
			defaultConfigurationName = Release;
		};
/* End XCConfigurationList section */

/* Begin XCRemoteSwiftPackageReference section */
		2DE3FD0028E5A0C800E7A838 /* XCRemoteSwiftPackageReference "SnapKit" */ = {
			isa = XCRemoteSwiftPackageReference;
			repositoryURL = "https://github.com/SnapKit/SnapKit";
			requirement = {
				kind = upToNextMajorVersion;
				minimumVersion = 5.0.0;
			};
		};
/* End XCRemoteSwiftPackageReference section */

/* Begin XCSwiftPackageProductDependency section */
		2DE3FD0128E5A0C800E7A838 /* SnapKit */ = {
			isa = XCSwiftPackageProductDependency;
			package = 2DE3FD0028E5A0C800E7A838 /* XCRemoteSwiftPackageReference "SnapKit" */;
			productName = SnapKit;
		};
/* End XCSwiftPackageProductDependency section */
	};
	rootObject = 2DE3FCDF28E59A9100E7A838 /* Project object */;
}
